
Microsoft Visual Studio Solution File, Format Version 12.00
# Visual Studio Version 17
VisualStudioVersion = 17.9.34728.123
MinimumVisualStudioVersion = 10.0.40219.1
Project("{8BC9CEB8-8B4A-11D0-8D11-00A0C91BC942}") = "AdcnyDec", "AdcnyDec\AdcnyDec.vcxproj", "{0A7D06FE-5CB2-44DD-A4BD-E3E67CBCFD9F}"
EndProject
Project("{8BC9CEB8-8B4A-11D0-8D11-00A0C91BC942}") = "AdcnyAcc", "AdcnyAcc\AdcnyAcc.vcxproj", "{4582B251-DEF5-49E9-A0AF-6AC4008DDC96}"
EndProject
Project("{8BC9CEB8-8B4A-11D0-8D11-00A0C91BC942}") = "AdcnyCck", "AdcnyCck\AdcnyCck.vcxproj", "{9271F457-D21A-4F15-B397-3990DAE54CC7}"
EndProject
Project("{8BC9CEB8-8B4A-11D0-8D11-00A0C91BC942}") = "AdcnyDdt", "AdcnyDdt\AdcnyDdt.vcxproj", "{BDFA5A76-A40C-4673-949C-01E85B50BD1A}"
EndProject
Project("{8BC9CEB8-8B4A-11D0-8D11-00A0C91BC942}") = "AdcnyBse", "AdcnyBse\AdcnyBse.vcxproj", "{97215A2E-FC03-4EE7-AF3D-DF5CA2B6854D}"
EndProject
Project("{8BC9CEB8-8B4A-11D0-8D11-00A0C91BC942}") = "AdcnyFoo", "AdcnyFoo\AdcnyFoo.vcxproj", "{CCC9BC82-B947-4894-A8A1-3BD44FC3BA7D}"
EndProject
Project("{8BC9CEB8-8B4A-11D0-8D11-00A0C91BC942}") = "AdcnyYoo", "AdcnyYoo\AdcnyYoo.vcxproj", "{A50FE61C-12F6-420B-86E4-FD1879CFC60C}"
EndProject
Project("{8BC9CEB8-8B4A-11D0-8D11-00A0C91BC942}") = "AdcnyFam", "AdcnyFam\AdcnyFam.vcxproj", "{F239999C-239F-4FDA-9D1C-60296EA191EA}"
EndProject
Project("{8BC9CEB8-8B4A-11D0-8D11-00A0C91BC942}") = "AdcnyMvs", "AdcnyMvs\AdcnyMvs.vcxproj", "{9E11AA6E-3123-4031-AA21-9B337D212426}"
EndProject
Project("{8BC9CEB8-8B4A-11D0-8D11-00A0C91BC942}") = "AdcnyFvo", "AdcnyFvo\AdcnyFvo.vcxproj", "{92AEA85C-E246-49D8-B40F-A7575AC2EE91}"
EndProject
Project("{8BC9CEB8-8B4A-11D0-8D11-00A0C91BC942}") = "AdcnyBsl", "AdcnyBsl\AdcnyBsl.vcxproj", "{532C2EA9-061B-4AE5-8AD6-9D6CD23A8C7F}"
EndProject
Project("{8BC9CEB8-8B4A-11D0-8D11-00A0C91BC942}") = "AdcnyMid", "AdcnyMid\AdcnyMid.vcxproj", "{B5AF51B4-CE7A-4C07-AE7A-76194FF43BB8}"
EndProject
Project("{8BC9CEB8-8B4A-11D0-8D11-00A0C91BC942}") = "AdcnyVdo", "AdcnyVdo\AdcnyVdo.vcxproj", "{B84781D2-36F0-475C-B8D1-9E81EF6766B8}"
EndProject
Project("{8BC9CEB8-8B4A-11D0-8D11-00A0C91BC942}") = "AdcnyVds", "AdcnyVds\AdcnyVds.vcxproj", "{D05759B2-A48E-405F-8AAB-6F424F7EFEB9}"
EndProject
Project("{8BC9CEB8-8B4A-11D0-8D11-00A0C91BC942}") = "AdcnyEdg", "AdcnyEdg\AdcnyEdg.vcxproj", "{34C3344D-92C9-4D63-8C1C-218C6C95D7D1}"
EndProject
Global
	GlobalSection(SolutionConfigurationPlatforms) = preSolution
		Debug|x64 = Debug|x64
		Debug|x86 = Debug|x86
		Release|x64 = Release|x64
		Release|x86 = Release|x86
	EndGlobalSection
	GlobalSection(ProjectConfigurationPlatforms) = postSolution
		{0A7D06FE-5CB2-44DD-A4BD-E3E67CBCFD9F}.Debug|x64.ActiveCfg = Debug|x64
		{0A7D06FE-5CB2-44DD-A4BD-E3E67CBCFD9F}.Debug|x64.Build.0 = Debug|x64
		{0A7D06FE-5CB2-44DD-A4BD-E3E67CBCFD9F}.Debug|x86.ActiveCfg = Debug|Win32
		{0A7D06FE-5CB2-44DD-A4BD-E3E67CBCFD9F}.Debug|x86.Build.0 = Debug|Win32
		{0A7D06FE-5CB2-44DD-A4BD-E3E67CBCFD9F}.Release|x64.ActiveCfg = Release|x64
		{0A7D06FE-5CB2-44DD-A4BD-E3E67CBCFD9F}.Release|x64.Build.0 = Release|x64
		{0A7D06FE-5CB2-44DD-A4BD-E3E67CBCFD9F}.Release|x86.ActiveCfg = Release|Win32
		{0A7D06FE-5CB2-44DD-A4BD-E3E67CBCFD9F}.Release|x86.Build.0 = Release|Win32
		{4582B251-DEF5-49E9-A0AF-6AC4008DDC96}.Debug|x64.ActiveCfg = Debug|x64
		{4582B251-DEF5-49E9-A0AF-6AC4008DDC96}.Debug|x64.Build.0 = Debug|x64
		{4582B251-DEF5-49E9-A0AF-6AC4008DDC96}.Debug|x86.ActiveCfg = Debug|Win32
		{4582B251-DEF5-49E9-A0AF-6AC4008DDC96}.Debug|x86.Build.0 = Debug|Win32
		{4582B251-DEF5-49E9-A0AF-6AC4008DDC96}.Release|x64.ActiveCfg = Release|x64
		{4582B251-DEF5-49E9-A0AF-6AC4008DDC96}.Release|x64.Build.0 = Release|x64
		{4582B251-DEF5-49E9-A0AF-6AC4008DDC96}.Release|x86.ActiveCfg = Release|Win32
		{4582B251-DEF5-49E9-A0AF-6AC4008DDC96}.Release|x86.Build.0 = Release|Win32
		{9271F457-D21A-4F15-B397-3990DAE54CC7}.Debug|x64.ActiveCfg = Debug|x64
		{9271F457-D21A-4F15-B397-3990DAE54CC7}.Debug|x64.Build.0 = Debug|x64
		{9271F457-D21A-4F15-B397-3990DAE54CC7}.Debug|x86.ActiveCfg = Debug|Win32
		{9271F457-D21A-4F15-B397-3990DAE54CC7}.Debug|x86.Build.0 = Debug|Win32
		{9271F457-D21A-4F15-B397-3990DAE54CC7}.Release|x64.ActiveCfg = Release|x64
		{9271F457-D21A-4F15-B397-3990DAE54CC7}.Release|x64.Build.0 = Release|x64
		{9271F457-D21A-4F15-B397-3990DAE54CC7}.Release|x86.ActiveCfg = Release|Win32
		{9271F457-D21A-4F15-B397-3990DAE54CC7}.Release|x86.Build.0 = Release|Win32
		{BDFA5A76-A40C-4673-949C-01E85B50BD1A}.Debug|x64.ActiveCfg = Debug|x64
		{BDFA5A76-A40C-4673-949C-01E85B50BD1A}.Debug|x64.Build.0 = Debug|x64
		{BDFA5A76-A40C-4673-949C-01E85B50BD1A}.Debug|x86.ActiveCfg = Debug|Win32
		{BDFA5A76-A40C-4673-949C-01E85B50BD1A}.Debug|x86.Build.0 = Debug|Win32
		{BDFA5A76-A40C-4673-949C-01E85B50BD1A}.Release|x64.ActiveCfg = Release|x64
		{BDFA5A76-A40C-4673-949C-01E85B50BD1A}.Release|x64.Build.0 = Release|x64
		{BDFA5A76-A40C-4673-949C-01E85B50BD1A}.Release|x86.ActiveCfg = Release|Win32
		{BDFA5A76-A40C-4673-949C-01E85B50BD1A}.Release|x86.Build.0 = Release|Win32
		{97215A2E-FC03-4EE7-AF3D-DF5CA2B6854D}.Debug|x64.ActiveCfg = Debug|x64
		{97215A2E-FC03-4EE7-AF3D-DF5CA2B6854D}.Debug|x64.Build.0 = Debug|x64
		{97215A2E-FC03-4EE7-AF3D-DF5CA2B6854D}.Debug|x86.ActiveCfg = Debug|Win32
		{97215A2E-FC03-4EE7-AF3D-DF5CA2B6854D}.Debug|x86.Build.0 = Debug|Win32
		{97215A2E-FC03-4EE7-AF3D-DF5CA2B6854D}.Release|x64.ActiveCfg = Release|x64
		{97215A2E-FC03-4EE7-AF3D-DF5CA2B6854D}.Release|x64.Build.0 = Release|x64
		{97215A2E-FC03-4EE7-AF3D-DF5CA2B6854D}.Release|x86.ActiveCfg = Release|Win32
		{97215A2E-FC03-4EE7-AF3D-DF5CA2B6854D}.Release|x86.Build.0 = Release|Win32
		{CCC9BC82-B947-4894-A8A1-3BD44FC3BA7D}.Debug|x64.ActiveCfg = Debug|x64
		{CCC9BC82-B947-4894-A8A1-3BD44FC3BA7D}.Debug|x64.Build.0 = Debug|x64
		{CCC9BC82-B947-4894-A8A1-3BD44FC3BA7D}.Debug|x86.ActiveCfg = Debug|Win32
		{CCC9BC82-B947-4894-A8A1-3BD44FC3BA7D}.Debug|x86.Build.0 = Debug|Win32
		{CCC9BC82-B947-4894-A8A1-3BD44FC3BA7D}.Release|x64.ActiveCfg = Release|x64
		{CCC9BC82-B947-4894-A8A1-3BD44FC3BA7D}.Release|x64.Build.0 = Release|x64
		{CCC9BC82-B947-4894-A8A1-3BD44FC3BA7D}.Release|x86.ActiveCfg = Release|Win32
		{CCC9BC82-B947-4894-A8A1-3BD44FC3BA7D}.Release|x86.Build.0 = Release|Win32
		{A50FE61C-12F6-420B-86E4-FD1879CFC60C}.Debug|x64.ActiveCfg = Debug|x64
		{A50FE61C-12F6-420B-86E4-FD1879CFC60C}.Debug|x64.Build.0 = Debug|x64
		{A50FE61C-12F6-420B-86E4-FD1879CFC60C}.Debug|x86.ActiveCfg = Debug|Win32
		{A50FE61C-12F6-420B-86E4-FD1879CFC60C}.Debug|x86.Build.0 = Debug|Win32
		{A50FE61C-12F6-420B-86E4-FD1879CFC60C}.Release|x64.ActiveCfg = Release|x64
		{A50FE61C-12F6-420B-86E4-FD1879CFC60C}.Release|x64.Build.0 = Release|x64
		{A50FE61C-12F6-420B-86E4-FD1879CFC60C}.Release|x86.ActiveCfg = Release|Win32
		{A50FE61C-12F6-420B-86E4-FD1879CFC60C}.Release|x86.Build.0 = Release|Win32
		{F239999C-239F-4FDA-9D1C-60296EA191EA}.Debug|x64.ActiveCfg = Debug|x64
		{F239999C-239F-4FDA-9D1C-60296EA191EA}.Debug|x64.Build.0 = Debug|x64
		{F239999C-239F-4FDA-9D1C-60296EA191EA}.Debug|x86.ActiveCfg = Debug|Win32
		{F239999C-239F-4FDA-9D1C-60296EA191EA}.Debug|x86.Build.0 = Debug|Win32
		{F239999C-239F-4FDA-9D1C-60296EA191EA}.Release|x64.ActiveCfg = Release|x64
		{F239999C-239F-4FDA-9D1C-60296EA191EA}.Release|x64.Build.0 = Release|x64
		{F239999C-239F-4FDA-9D1C-60296EA191EA}.Release|x86.ActiveCfg = Release|Win32
		{F239999C-239F-4FDA-9D1C-60296EA191EA}.Release|x86.Build.0 = Release|Win32
		{9E11AA6E-3123-4031-AA21-9B337D212426}.Debug|x64.ActiveCfg = Debug|x64
		{9E11AA6E-3123-4031-AA21-9B337D212426}.Debug|x64.Build.0 = Debug|x64
		{9E11AA6E-3123-4031-AA21-9B337D212426}.Debug|x86.ActiveCfg = Debug|Win32
		{9E11AA6E-3123-4031-AA21-9B337D212426}.Debug|x86.Build.0 = Debug|Win32
		{9E11AA6E-3123-4031-AA21-9B337D212426}.Release|x64.ActiveCfg = Release|x64
		{9E11AA6E-3123-4031-AA21-9B337D212426}.Release|x64.Build.0 = Release|x64
		{9E11AA6E-3123-4031-AA21-9B337D212426}.Release|x86.ActiveCfg = Release|Win32
		{9E11AA6E-3123-4031-AA21-9B337D212426}.Release|x86.Build.0 = Release|Win32
		{92AEA85C-E246-49D8-B40F-A7575AC2EE91}.Debug|x64.ActiveCfg = Debug|x64
		{92AEA85C-E246-49D8-B40F-A7575AC2EE91}.Debug|x64.Build.0 = Debug|x64
		{92AEA85C-E246-49D8-B40F-A7575AC2EE91}.Debug|x86.ActiveCfg = Debug|Win32
		{92AEA85C-E246-49D8-B40F-A7575AC2EE91}.Debug|x86.Build.0 = Debug|Win32
		{92AEA85C-E246-49D8-B40F-A7575AC2EE91}.Release|x64.ActiveCfg = Release|x64
		{92AEA85C-E246-49D8-B40F-A7575AC2EE91}.Release|x64.Build.0 = Release|x64
		{92AEA85C-E246-49D8-B40F-A7575AC2EE91}.Release|x86.ActiveCfg = Release|Win32
		{92AEA85C-E246-49D8-B40F-A7575AC2EE91}.Release|x86.Build.0 = Release|Win32
		{532C2EA9-061B-4AE5-8AD6-9D6CD23A8C7F}.Debug|x64.ActiveCfg = Debug|x64
		{532C2EA9-061B-4AE5-8AD6-9D6CD23A8C7F}.Debug|x64.Build.0 = Debug|x64
		{532C2EA9-061B-4AE5-8AD6-9D6CD23A8C7F}.Debug|x86.ActiveCfg = Debug|Win32
		{532C2EA9-061B-4AE5-8AD6-9D6CD23A8C7F}.Debug|x86.Build.0 = Debug|Win32
		{532C2EA9-061B-4AE5-8AD6-9D6CD23A8C7F}.Release|x64.ActiveCfg = Release|x64
		{532C2EA9-061B-4AE5-8AD6-9D6CD23A8C7F}.Release|x64.Build.0 = Release|x64
		{532C2EA9-061B-4AE5-8AD6-9D6CD23A8C7F}.Release|x86.ActiveCfg = Release|Win32
		{532C2EA9-061B-4AE5-8AD6-9D6CD23A8C7F}.Release|x86.Build.0 = Release|Win32
		{B5AF51B4-CE7A-4C07-AE7A-76194FF43BB8}.Debug|x64.ActiveCfg = Debug|x64
		{B5AF51B4-CE7A-4C07-AE7A-76194FF43BB8}.Debug|x64.Build.0 = Debug|x64
		{B5AF51B4-CE7A-4C07-AE7A-76194FF43BB8}.Debug|x86.ActiveCfg = Debug|Win32
		{B5AF51B4-CE7A-4C07-AE7A-76194FF43BB8}.Debug|x86.Build.0 = Debug|Win32
		{B5AF51B4-CE7A-4C07-AE7A-76194FF43BB8}.Release|x64.ActiveCfg = Release|x64
		{B5AF51B4-CE7A-4C07-AE7A-76194FF43BB8}.Release|x64.Build.0 = Release|x64
		{B5AF51B4-CE7A-4C07-AE7A-76194FF43BB8}.Release|x86.ActiveCfg = Release|Win32
		{B5AF51B4-CE7A-4C07-AE7A-76194FF43BB8}.Release|x86.Build.0 = Release|Win32
		{B84781D2-36F0-475C-B8D1-9E81EF6766B8}.Debug|x64.ActiveCfg = Debug|x64
		{B84781D2-36F0-475C-B8D1-9E81EF6766B8}.Debug|x64.Build.0 = Debug|x64
		{B84781D2-36F0-475C-B8D1-9E81EF6766B8}.Debug|x86.ActiveCfg = Debug|Win32
		{B84781D2-36F0-475C-B8D1-9E81EF6766B8}.Debug|x86.Build.0 = Debug|Win32
		{B84781D2-36F0-475C-B8D1-9E81EF6766B8}.Release|x64.ActiveCfg = Release|x64
		{B84781D2-36F0-475C-B8D1-9E81EF6766B8}.Release|x64.Build.0 = Release|x64
		{B84781D2-36F0-475C-B8D1-9E81EF6766B8}.Release|x86.ActiveCfg = Release|Win32
		{B84781D2-36F0-475C-B8D1-9E81EF6766B8}.Release|x86.Build.0 = Release|Win32
		{D05759B2-A48E-405F-8AAB-6F424F7EFEB9}.Debug|x64.ActiveCfg = Debug|x64
		{D05759B2-A48E-405F-8AAB-6F424F7EFEB9}.Debug|x64.Build.0 = Debug|x64
		{D05759B2-A48E-405F-8AAB-6F424F7EFEB9}.Debug|x86.ActiveCfg = Debug|Win32
		{D05759B2-A48E-405F-8AAB-6F424F7EFEB9}.Debug|x86.Build.0 = Debug|Win32
		{D05759B2-A48E-405F-8AAB-6F424F7EFEB9}.Release|x64.ActiveCfg = Release|x64
		{D05759B2-A48E-405F-8AAB-6F424F7EFEB9}.Release|x64.Build.0 = Release|x64
		{D05759B2-A48E-405F-8AAB-6F424F7EFEB9}.Release|x86.ActiveCfg = Release|Win32
		{D05759B2-A48E-405F-8AAB-6F424F7EFEB9}.Release|x86.Build.0 = Release|Win32
		{34C3344D-92C9-4D63-8C1C-218C6C95D7D1}.Debug|x64.ActiveCfg = Debug|x64
		{34C3344D-92C9-4D63-8C1C-218C6C95D7D1}.Debug|x64.Build.0 = Debug|x64
		{34C3344D-92C9-4D63-8C1C-218C6C95D7D1}.Debug|x86.ActiveCfg = Debug|Win32
		{34C3344D-92C9-4D63-8C1C-218C6C95D7D1}.Debug|x86.Build.0 = Debug|Win32
		{34C3344D-92C9-4D63-8C1C-218C6C95D7D1}.Release|x64.ActiveCfg = Release|x64
		{34C3344D-92C9-4D63-8C1C-218C6C95D7D1}.Release|x64.Build.0 = Release|x64
		{34C3344D-92C9-4D63-8C1C-218C6C95D7D1}.Release|x86.ActiveCfg = Release|Win32
		{34C3344D-92C9-4D63-8C1C-218C6C95D7D1}.Release|x86.Build.0 = Release|Win32
	EndGlobalSection
	GlobalSection(SolutionProperties) = preSolution
		HideSolutionNode = FALSE
	EndGlobalSection
	GlobalSection(ExtensibilityGlobals) = postSolution
		SolutionGuid = {6D489FCD-1363-4CC0-BC4F-19182C089BA7}
	EndGlobalSection
EndGlobal
